
Microsoft Visual Studio Solution File, Format Version 12.00
# Visual Studio Version 16
VisualStudioVersion = 16.0.29728.190
MinimumVisualStudioVersion = 10.0.40219.1
Project("{FAE04EC0-301F-11D3-BF4B-00C04F79EFBC}") = "ESERCIZILIBRO1", "ESERCIZILIBRO\ESERCIZILIBRO1.csproj", "{BE528086-81C7-4044-9C47-3E5F8B3460E1}"
EndProject
Project("{FAE04EC0-301F-11D3-BF4B-00C04F79EFBC}") = "ESERCIZIOLIBRO2", "ESERCIZIOLIBRO2\ESERCIZIOLIBRO2.csproj", "{49946A22-7071-4F01-8B6F-063BC12D29F9}"
EndProject
Project("{FAE04EC0-301F-11D3-BF4B-00C04F79EFBC}") = "ESERCIZIOLIBRO3", "ESERCIZIOLIBRO3\ESERCIZIOLIBRO3.csproj", "{6C8E53A2-5440-4E4B-BC3B-EF166CB37765}"
EndProject
Project("{FAE04EC0-301F-11D3-BF4B-00C04F79EFBC}") = "ESERCIZIOLIBRO4", "ESERCIZIOLIBRO4\ESERCIZIOLIBRO4.csproj", "{E66DA8C6-1764-4015-BA35-B7668068F23A}"
EndProject
Global
	GlobalSection(SolutionConfigurationPlatforms) = preSolution
		Debug|Any CPU = Debug|Any CPU
		Release|Any CPU = Release|Any CPU
	EndGlobalSection
	GlobalSection(ProjectConfigurationPlatforms) = postSolution
		{BE528086-81C7-4044-9C47-3E5F8B3460E1}.Debug|Any CPU.ActiveCfg = Debug|Any CPU
		{BE528086-81C7-4044-9C47-3E5F8B3460E1}.Debug|Any CPU.Build.0 = Debug|Any CPU
		{BE528086-81C7-4044-9C47-3E5F8B3460E1}.Release|Any CPU.ActiveCfg = Release|Any CPU
		{BE528086-81C7-4044-9C47-3E5F8B3460E1}.Release|Any CPU.Build.0 = Release|Any CPU
		{49946A22-7071-4F01-8B6F-063BC12D29F9}.Debug|Any CPU.ActiveCfg = Debug|Any CPU
		{49946A22-7071-4F01-8B6F-063BC12D29F9}.Debug|Any CPU.Build.0 = Debug|Any CPU
		{49946A22-7071-4F01-8B6F-063BC12D29F9}.Release|Any CPU.ActiveCfg = Release|Any CPU
		{49946A22-7071-4F01-8B6F-063BC12D29F9}.Release|Any CPU.Build.0 = Release|Any CPU
		{6C8E53A2-5440-4E4B-BC3B-EF166CB37765}.Debug|Any CPU.ActiveCfg = Debug|Any CPU
		{6C8E53A2-5440-4E4B-BC3B-EF166CB37765}.Debug|Any CPU.Build.0 = Debug|Any CPU
		{6C8E53A2-5440-4E4B-BC3B-EF166CB37765}.Release|Any CPU.ActiveCfg = Release|Any CPU
		{6C8E53A2-5440-4E4B-BC3B-EF166CB37765}.Release|Any CPU.Build.0 = Release|Any CPU
		{E66DA8C6-1764-4015-BA35-B7668068F23A}.Debug|Any CPU.ActiveCfg = Debug|Any CPU
		{E66DA8C6-1764-4015-BA35-B7668068F23A}.Debug|Any CPU.Build.0 = Debug|Any CPU
		{E66DA8C6-1764-4015-BA35-B7668068F23A}.Release|Any CPU.ActiveCfg = Release|Any CPU
		{E66DA8C6-1764-4015-BA35-B7668068F23A}.Release|Any CPU.Build.0 = Release|Any CPU
	EndGlobalSection
	GlobalSection(SolutionProperties) = preSolution
		HideSolutionNode = FALSE
	EndGlobalSection
	GlobalSection(ExtensibilityGlobals) = postSolution
		SolutionGuid = {6C11E301-F3D1-457A-AA35-015AD5C6D65C}
	EndGlobalSection
EndGlobal
